
Microsoft Visual Studio Solution File, Format Version 12.00
# Visual Studio Version 16
VisualStudioVersion = 16.0.29009.5
MinimumVisualStudioVersion = 10.0.40219.1
Project("{FAE04EC0-301F-11D3-BF4B-00C04F79EFBC}") = "ZapYS", "ZapYS\ZapYS.csproj", "{0ACABD71-54C6-4D7B-AA64-2CCCEB618396}"
EndProject
Global
	GlobalSection(SolutionConfigurationPlatforms) = preSolution
		Debug|Any CPU = Debug|Any CPU
		Release|Any CPU = Release|Any CPU
	EndGlobalSection
	GlobalSection(ProjectConfigurationPlatforms) = postSolution
		{0ACABD71-54C6-4D7B-AA64-2CCCEB618396}.Debug|Any CPU.ActiveCfg = Debug|Any CPU
		{0ACABD71-54C6-4D7B-AA64-2CCCEB618396}.Debug|Any CPU.Build.0 = Debug|Any CPU
		{0ACABD71-54C6-4D7B-AA64-2CCCEB618396}.Release|Any CPU.ActiveCfg = Release|Any CPU
		{0ACABD71-54C6-4D7B-AA64-2CCCEB618396}.Release|Any CPU.Build.0 = Release|Any CPU
	EndGlobalSection
	GlobalSection(SolutionProperties) = preSolution
		HideSolutionNode = FALSE
	EndGlobalSection
	GlobalSection(ExtensibilityGlobals) = postSolution
		SolutionGuid = {5DDAA2F3-9011-4835-A76C-6C006400BC71}
	EndGlobalSection
EndGlobal
